
Microsoft Visual Studio Solution File, Format Version 12.00
# Visual Studio Version 17
VisualStudioVersion = 17.8.34525.116
MinimumVisualStudioVersion = 10.0.40219.1
Project("{9A19103F-16F7-4668-BE54-9A1E7A4F7556}") = "UdemyEFCore.DatabaseFirst", "UdemyEFCore.DatabaseFirst\UdemyEFCore.DatabaseFirst.csproj", "{FB948D93-BDFF-4AC9-AA80-A17E34DC36BE}"
EndProject
Project("{FAE04EC0-301F-11D3-BF4B-00C04F79EFBC}") = "UdemyEFCore.DatabaseFirstByScaffold", "UdemyEFCore.DatabaseFirstByScaffold\UdemyEFCore.DatabaseFirstByScaffold.csproj", "{D0F0B0C9-C2A9-49ED-B805-7D625609D015}"
EndProject
Global
	GlobalSection(SolutionConfigurationPlatforms) = preSolution
		Debug|Any CPU = Debug|Any CPU
		Release|Any CPU = Release|Any CPU
	EndGlobalSection
	GlobalSection(ProjectConfigurationPlatforms) = postSolution
		{FB948D93-BDFF-4AC9-AA80-A17E34DC36BE}.Debug|Any CPU.ActiveCfg = Debug|Any CPU
		{FB948D93-BDFF-4AC9-AA80-A17E34DC36BE}.Debug|Any CPU.Build.0 = Debug|Any CPU
		{FB948D93-BDFF-4AC9-AA80-A17E34DC36BE}.Release|Any CPU.ActiveCfg = Release|Any CPU
		{FB948D93-BDFF-4AC9-AA80-A17E34DC36BE}.Release|Any CPU.Build.0 = Release|Any CPU
		{D0F0B0C9-C2A9-49ED-B805-7D625609D015}.Debug|Any CPU.ActiveCfg = Debug|Any CPU
		{D0F0B0C9-C2A9-49ED-B805-7D625609D015}.Debug|Any CPU.Build.0 = Debug|Any CPU
		{D0F0B0C9-C2A9-49ED-B805-7D625609D015}.Release|Any CPU.ActiveCfg = Release|Any CPU
		{D0F0B0C9-C2A9-49ED-B805-7D625609D015}.Release|Any CPU.Build.0 = Release|Any CPU
	EndGlobalSection
	GlobalSection(SolutionProperties) = preSolution
		HideSolutionNode = FALSE
	EndGlobalSection
	GlobalSection(ExtensibilityGlobals) = postSolution
		SolutionGuid = {03F959CC-B97F-48F3-9EC4-CEE9E9380570}
	EndGlobalSection
EndGlobal
